<Solution>
  <Folder Name="/Task0/">
    <Project Path="Tyuiu.KorovinIK.Sprint0.Task0.V0/Tyuiu.KorovinIK.Sprint0.Task0.V0.csproj" />
  </Folder>
  <Folder Name="/Task1/">
    <Project Path="Tyuiu.KorovinIK.Sprint0.Task1.V0/Tyuiu.KorovinIK.Sprint0.Task1.V0.csproj" />
  </Folder>
  <Folder Name="/Task2/">
    <Project Path="Tyuiu.KorovinIK.Sprint0.Task2.V0.Lib/Tyuiu.KorovinIK.Sprint0.Task2.V0.Lib.csproj" />
    <Project Path="Tyuiu.KorovinIK.Sprint0.Task2.V0.Test/Tyuiu.KorovinIK.Sprint0.Task2.V0.Test.csproj" />
    <Project Path="Tyuiu.KorovinIK.Sprint0.Task2.V0/Tyuiu.KorovinIK.Sprint0.Task2.V0.csproj" />
  </Folder>
  <Folder Name="/Task3/">
    <Project Path="Tyuiu.KorovinIK.Sprint0.Task3.V0.Lib/Tyuiu.KorovinIK.Sprint0.Task3.V0.Lib.csproj" Id="4cad6582-d674-4e48-bcf5-cf9dcf794797" />
    <Project Path="Tyuiu.KorovinIK.Sprint0.Task3.V0.Test/Tyuiu.KorovinIK.Sprint0.Task3.V0.Test.csproj" Id="eae3cc49-4200-4e9b-a980-42a80f4aca13" />
    <Project Path="Tyuiu.KorovinIK.Sprint0.Task3.V0/Tyuiu.KorovinIK.Sprint0.Task3.V0.csproj" Id="d814e496-73e2-48ec-bc0b-fd7fffe938c7" />
  </Folder>
</Solution>
